
Microsoft Visual Studio Solution File, Format Version 12.00
# Visual Studio Version 16
VisualStudioVersion = 16.0.30320.27
MinimumVisualStudioVersion = 10.0.40219.1
Project("{FAE04EC0-301F-11D3-BF4B-00C04F79EFBC}") = "Test_Console2", "Test_Console2.csproj", "{8763E1C3-0AD8-4D33-A0E2-E308D26B5174}"
EndProject
Global
	GlobalSection(SolutionConfigurationPlatforms) = preSolution
		Debug|Any CPU = Debug|Any CPU
		Release|Any CPU = Release|Any CPU
	EndGlobalSection
	GlobalSection(ProjectConfigurationPlatforms) = postSolution
		{8763E1C3-0AD8-4D33-A0E2-E308D26B5174}.Debug|Any CPU.ActiveCfg = Debug|Any CPU
		{8763E1C3-0AD8-4D33-A0E2-E308D26B5174}.Debug|Any CPU.Build.0 = Debug|Any CPU
		{8763E1C3-0AD8-4D33-A0E2-E308D26B5174}.Release|Any CPU.ActiveCfg = Release|Any CPU
		{8763E1C3-0AD8-4D33-A0E2-E308D26B5174}.Release|Any CPU.Build.0 = Release|Any CPU
	EndGlobalSection
	GlobalSection(SolutionProperties) = preSolution
		HideSolutionNode = FALSE
	EndGlobalSection
	GlobalSection(ExtensibilityGlobals) = postSolution
		SolutionGuid = {25103572-77D1-476D-A9D1-B6F64B3F1B8A}
	EndGlobalSection
EndGlobal
